// !$*UTF8*$!
{
	archiveVersion = 1;
	classes = {
	};
	objectVersion = 50;
	objects = {

/* Begin PBXBuildFile section */
		9300935F224D087900EDFD6D /* AppDelegate.swift in Sources */ = {isa = PBXBuildFile; fileRef = 9300935E224D087900EDFD6D /* AppDelegate.swift */; };
		93009361224D087900EDFD6D /* FriendViewController.swift in Sources */ = {isa = PBXBuildFile; fileRef = 93009360224D087900EDFD6D /* FriendViewController.swift */; };
		93009364224D087900EDFD6D /* Main.storyboard in Resources */ = {isa = PBXBuildFile; fileRef = 93009362224D087900EDFD6D /* Main.storyboard */; };
		93009366224D087B00EDFD6D /* Assets.xcassets in Resources */ = {isa = PBXBuildFile; fileRef = 93009365224D087B00EDFD6D /* Assets.xcassets */; };
		93009369224D087B00EDFD6D /* LaunchScreen.storyboard in Resources */ = {isa = PBXBuildFile; fileRef = 93009367224D087B00EDFD6D /* LaunchScreen.storyboard */; };
		93009371224D097100EDFD6D /* Model.swift in Sources */ = {isa = PBXBuildFile; fileRef = 93009370224D097100EDFD6D /* Model.swift */; };
		93009373224D098B00EDFD6D /* StateController.swift in Sources */ = {isa = PBXBuildFile; fileRef = 93009372224D098B00EDFD6D /* StateController.swift */; };
		93009375224D0C8C00EDFD6D /* Views.swift in Sources */ = {isa = PBXBuildFile; fileRef = 93009374224D0C8C00EDFD6D /* Views.swift */; };
		93009377224DAB9C00EDFD6D /* ProfileViewController.swift in Sources */ = {isa = PBXBuildFile; fileRef = 93009376224DAB9C00EDFD6D /* ProfileViewController.swift */; };
		93009379224DAE1500EDFD6D /* EditProfileViewController.swift in Sources */ = {isa = PBXBuildFile; fileRef = 93009378224DAE1500EDFD6D /* EditProfileViewController.swift */; };
		9300937B224DE42F00EDFD6D /* Stateful.swift in Sources */ = {isa = PBXBuildFile; fileRef = 9300937A224DE42F00EDFD6D /* Stateful.swift */; };
		9300937D224DE67300EDFD6D /* MainTabBarController.swift in Sources */ = {isa = PBXBuildFile; fileRef = 9300937C224DE67300EDFD6D /* MainTabBarController.swift */; };
		9300937F224E0FF300EDFD6D /* UIColor.swift in Sources */ = {isa = PBXBuildFile; fileRef = 9300937E224E0FF300EDFD6D /* UIColor.swift */; };
		93009381224E168600EDFD6D /* UINavigationBar.swift in Sources */ = {isa = PBXBuildFile; fileRef = 93009380224E168600EDFD6D /* UINavigationBar.swift */; };
		93009389224E454400EDFD6D /* TopFriendsViewController.swift in Sources */ = {isa = PBXBuildFile; fileRef = 93009388224E454400EDFD6D /* TopFriendsViewController.swift */; };
		9300938B224E473300EDFD6D /* FriendCell.swift in Sources */ = {isa = PBXBuildFile; fileRef = 9300938A224E473300EDFD6D /* FriendCell.swift */; };
		9300938D224E4CC400EDFD6D /* FriendDataSource.swift in Sources */ = {isa = PBXBuildFile; fileRef = 9300938C224E4CC400EDFD6D /* FriendDataSource.swift */; };
		9300938F2251BE9300EDFD6D /* Data.plist in Resources */ = {isa = PBXBuildFile; fileRef = 9300938E2251BE9300EDFD6D /* Data.plist */; };
		930093912251DC6F00EDFD6D /* StorageController.swift in Sources */ = {isa = PBXBuildFile; fileRef = 930093902251DC6F00EDFD6D /* StorageController.swift */; };
		930093932251DFF700EDFD6D /* ColorScheme.swift in Sources */ = {isa = PBXBuildFile; fileRef = 930093922251DFF700EDFD6D /* ColorScheme.swift */; };
		930093952251E38600EDFD6D /* SettingsController.swift in Sources */ = {isa = PBXBuildFile; fileRef = 930093942251E38600EDFD6D /* SettingsController.swift */; };
		930093972251E4E100EDFD6D /* SettingsViewController.swift in Sources */ = {isa = PBXBuildFile; fileRef = 930093962251E4E100EDFD6D /* SettingsViewController.swift */; };
/* End PBXBuildFile section */

/* Begin PBXFileReference section */
		9300935B224D087900EDFD6D /* RememberMe.app */ = {isa = PBXFileReference; explicitFileType = wrapper.application; includeInIndex = 0; path = RememberMe.app; sourceTree = BUILT_PRODUCTS_DIR; };
		9300935E224D087900EDFD6D /* AppDelegate.swift */ = {isa = PBXFileReference; lastKnownFileType = sourcecode.swift; path = AppDelegate.swift; sourceTree = "<group>"; };
		93009360224D087900EDFD6D /* FriendViewController.swift */ = {isa = PBXFileReference; lastKnownFileType = sourcecode.swift; path = FriendViewController.swift; sourceTree = "<group>"; };
		93009363224D087900EDFD6D /* Base */ = {isa = PBXFileReference; lastKnownFileType = file.storyboard; name = Base; path = Base.lproj/Main.storyboard; sourceTree = "<group>"; };
		93009365224D087B00EDFD6D /* Assets.xcassets */ = {isa = PBXFileReference; lastKnownFileType = folder.assetcatalog; path = Assets.xcassets; sourceTree = "<group>"; };
		93009368224D087B00EDFD6D /* Base */ = {isa = PBXFileReference; lastKnownFileType = file.storyboard; name = Base; path = Base.lproj/LaunchScreen.storyboard; sourceTree = "<group>"; };
		9300936A224D087B00EDFD6D /* Info.plist */ = {isa = PBXFileReference; lastKnownFileType = text.plist.xml; path = Info.plist; sourceTree = "<group>"; };
		93009370224D097100EDFD6D /* Model.swift */ = {isa = PBXFileReference; lastKnownFileType = sourcecode.swift; path = Model.swift; sourceTree = "<group>"; };
		93009372224D098B00EDFD6D /* StateController.swift */ = {isa = PBXFileReference; lastKnownFileType = sourcecode.swift; path = StateController.swift; sourceTree = "<group>"; };
		93009374224D0C8C00EDFD6D /* Views.swift */ = {isa = PBXFileReference; lastKnownFileType = sourcecode.swift; path = Views.swift; sourceTree = "<group>"; };
		93009376224DAB9C00EDFD6D /* ProfileViewController.swift */ = {isa = PBXFileReference; lastKnownFileType = sourcecode.swift; path = ProfileViewController.swift; sourceTree = "<group>"; };
		93009378224DAE1500EDFD6D /* EditProfileViewController.swift */ = {isa = PBXFileReference; lastKnownFileType = sourcecode.swift; path = EditProfileViewController.swift; sourceTree = "<group>"; };
		9300937A224DE42F00EDFD6D /* Stateful.swift */ = {isa = PBXFileReference; lastKnownFileType = sourcecode.swift; path = Stateful.swift; sourceTree = "<group>"; };
		9300937C224DE67300EDFD6D /* MainTabBarController.swift */ = {isa = PBXFileReference; lastKnownFileType = sourcecode.swift; path = MainTabBarController.swift; sourceTree = "<group>"; };
		9300937E224E0FF300EDFD6D /* UIColor.swift */ = {isa = PBXFileReference; lastKnownFileType = sourcecode.swift; path = UIColor.swift; sourceTree = "<group>"; };
		93009380224E168600EDFD6D /* UINavigationBar.swift */ = {isa = PBXFileReference; lastKnownFileType = sourcecode.swift; path = UINavigationBar.swift; sourceTree = "<group>"; };
		93009388224E454400EDFD6D /* TopFriendsViewController.swift */ = {isa = PBXFileReference; lastKnownFileType = sourcecode.swift; path = TopFriendsViewController.swift; sourceTree = "<group>"; };
		9300938A224E473300EDFD6D /* FriendCell.swift */ = {isa = PBXFileReference; lastKnownFileType = sourcecode.swift; path = FriendCell.swift; sourceTree = "<group>"; };
		9300938C224E4CC400EDFD6D /* FriendDataSource.swift */ = {isa = PBXFileReference; lastKnownFileType = sourcecode.swift; path = FriendDataSource.swift; sourceTree = "<group>"; };
		9300938E2251BE9300EDFD6D /* Data.plist */ = {isa = PBXFileReference; lastKnownFileType = text.plist.xml; path = Data.plist; sourceTree = "<group>"; };
		930093902251DC6F00EDFD6D /* StorageController.swift */ = {isa = PBXFileReference; lastKnownFileType = sourcecode.swift; path = StorageController.swift; sourceTree = "<group>"; };
		930093922251DFF700EDFD6D /* ColorScheme.swift */ = {isa = PBXFileReference; lastKnownFileType = sourcecode.swift; path = ColorScheme.swift; sourceTree = "<group>"; };
		930093942251E38600EDFD6D /* SettingsController.swift */ = {isa = PBXFileReference; lastKnownFileType = sourcecode.swift; path = SettingsController.swift; sourceTree = "<group>"; };
		930093962251E4E100EDFD6D /* SettingsViewController.swift */ = {isa = PBXFileReference; lastKnownFileType = sourcecode.swift; path = SettingsViewController.swift; sourceTree = "<group>"; };
/* End PBXFileReference section */

/* Begin PBXFrameworksBuildPhase section */
		93009358224D087900EDFD6D /* Frameworks */ = {
			isa = PBXFrameworksBuildPhase;
			buildActionMask = 2147483647;
			files = (
			);
			runOnlyForDeploymentPostprocessing = 0;
		};
/* End PBXFrameworksBuildPhase section */

/* Begin PBXGroup section */
		93009352224D087900EDFD6D = {
			isa = PBXGroup;
			children = (
				9300935D224D087900EDFD6D /* RememberMe */,
				9300935C224D087900EDFD6D /* Products */,
			);
			sourceTree = "<group>";
		};
		9300935C224D087900EDFD6D /* Products */ = {
			isa = PBXGroup;
			children = (
				9300935B224D087900EDFD6D /* RememberMe.app */,
			);
			name = Products;
			sourceTree = "<group>";
		};
		9300935D224D087900EDFD6D /* RememberMe */ = {
			isa = PBXGroup;
			children = (
				9300935E224D087900EDFD6D /* AppDelegate.swift */,
				93009360224D087900EDFD6D /* FriendViewController.swift */,
				93009362224D087900EDFD6D /* Main.storyboard */,
				93009365224D087B00EDFD6D /* Assets.xcassets */,
				93009367224D087B00EDFD6D /* LaunchScreen.storyboard */,
				9300936A224D087B00EDFD6D /* Info.plist */,
				93009370224D097100EDFD6D /* Model.swift */,
				93009372224D098B00EDFD6D /* StateController.swift */,
				93009374224D0C8C00EDFD6D /* Views.swift */,
				93009376224DAB9C00EDFD6D /* ProfileViewController.swift */,
				93009378224DAE1500EDFD6D /* EditProfileViewController.swift */,
				9300937A224DE42F00EDFD6D /* Stateful.swift */,
				9300937C224DE67300EDFD6D /* MainTabBarController.swift */,
				9300937E224E0FF300EDFD6D /* UIColor.swift */,
				93009380224E168600EDFD6D /* UINavigationBar.swift */,
				93009388224E454400EDFD6D /* TopFriendsViewController.swift */,
				9300938A224E473300EDFD6D /* FriendCell.swift */,
				9300938C224E4CC400EDFD6D /* FriendDataSource.swift */,
				9300938E2251BE9300EDFD6D /* Data.plist */,
				930093902251DC6F00EDFD6D /* StorageController.swift */,
				930093922251DFF700EDFD6D /* ColorScheme.swift */,
				930093942251E38600EDFD6D /* SettingsController.swift */,
				930093962251E4E100EDFD6D /* SettingsViewController.swift */,
			);
			path = RememberMe;
			sourceTree = "<group>";
		};
/* End PBXGroup section */

/* Begin PBXNativeTarget section */
		9300935A224D087900EDFD6D /* RememberMe */ = {
			isa = PBXNativeTarget;
			buildConfigurationList = 9300936D224D087B00EDFD6D /* Build configuration list for PBXNativeTarget "RememberMe" */;
			buildPhases = (
				93009357224D087900EDFD6D /* Sources */,
				93009358224D087900EDFD6D /* Frameworks */,
				93009359224D087900EDFD6D /* Resources */,
			);
			buildRules = (
			);
			dependencies = (
			);
			name = RememberMe;
			productName = RememberMe;
			productReference = 9300935B224D087900EDFD6D /* RememberMe.app */;
			productType = "com.apple.product-type.application";
		};
/* End PBXNativeTarget section */

/* Begin PBXProject section */
		93009353224D087900EDFD6D /* Project object */ = {
			isa = PBXProject;
			attributes = {
				LastSwiftUpdateCheck = 1010;
				LastUpgradeCheck = 1010;
				ORGANIZATIONNAME = zombietux;
				TargetAttributes = {
					9300935A224D087900EDFD6D = {
						CreatedOnToolsVersion = 10.1;
					};
				};
			};
			buildConfigurationList = 93009356224D087900EDFD6D /* Build configuration list for PBXProject "RememberMe" */;
			compatibilityVersion = "Xcode 9.3";
			developmentRegion = en;
			hasScannedForEncodings = 0;
			knownRegions = (
				en,
				Base,
			);
			mainGroup = 93009352224D087900EDFD6D;
			productRefGroup = 9300935C224D087900EDFD6D /* Products */;
			projectDirPath = "";
			projectRoot = "";
			targets = (
				9300935A224D087900EDFD6D /* RememberMe */,
			);
		};
/* End PBXProject section */

/* Begin PBXResourcesBuildPhase section */
		93009359224D087900EDFD6D /* Resources */ = {
			isa = PBXResourcesBuildPhase;
			buildActionMask = 2147483647;
			files = (
				93009369224D087B00EDFD6D /* LaunchScreen.storyboard in Resources */,
				93009366224D087B00EDFD6D /* Assets.xcassets in Resources */,
				9300938F2251BE9300EDFD6D /* Data.plist in Resources */,
				93009364224D087900EDFD6D /* Main.storyboard in Resources */,
			);
			runOnlyForDeploymentPostprocessing = 0;
		};
/* End PBXResourcesBuildPhase section */

/* Begin PBXSourcesBuildPhase section */
		93009357224D087900EDFD6D /* Sources */ = {
			isa = PBXSourcesBuildPhase;
			buildActionMask = 2147483647;
			files = (
				930093932251DFF700EDFD6D /* ColorScheme.swift in Sources */,
				93009377224DAB9C00EDFD6D /* ProfileViewController.swift in Sources */,
				9300937B224DE42F00EDFD6D /* Stateful.swift in Sources */,
				930093952251E38600EDFD6D /* SettingsController.swift in Sources */,
				9300937D224DE67300EDFD6D /* MainTabBarController.swift in Sources */,
				93009371224D097100EDFD6D /* Model.swift in Sources */,
				9300938D224E4CC400EDFD6D /* FriendDataSource.swift in Sources */,
				93009373224D098B00EDFD6D /* StateController.swift in Sources */,
				93009361224D087900EDFD6D /* FriendViewController.swift in Sources */,
				93009375224D0C8C00EDFD6D /* Views.swift in Sources */,
				9300935F224D087900EDFD6D /* AppDelegate.swift in Sources */,
				93009379224DAE1500EDFD6D /* EditProfileViewController.swift in Sources */,
				93009381224E168600EDFD6D /* UINavigationBar.swift in Sources */,
				93009389224E454400EDFD6D /* TopFriendsViewController.swift in Sources */,
				9300938B224E473300EDFD6D /* FriendCell.swift in Sources */,
				9300937F224E0FF300EDFD6D /* UIColor.swift in Sources */,
				930093912251DC6F00EDFD6D /* StorageController.swift in Sources */,
				930093972251E4E100EDFD6D /* SettingsViewController.swift in Sources */,
			);
			runOnlyForDeploymentPostprocessing = 0;
		};
/* End PBXSourcesBuildPhase section */

/* Begin PBXVariantGroup section */
		93009362224D087900EDFD6D /* Main.storyboard */ = {
			isa = PBXVariantGroup;
			children = (
				93009363224D087900EDFD6D /* Base */,
			);
			name = Main.storyboard;
			sourceTree = "<group>";
		};
		93009367224D087B00EDFD6D /* LaunchScreen.storyboard */ = {
			isa = PBXVariantGroup;
			children = (
				93009368224D087B00EDFD6D /* Base */,
			);
			name = LaunchScreen.storyboard;
			sourceTree = "<group>";
		};
/* End PBXVariantGroup section */

/* Begin XCBuildConfiguration section */
		9300936B224D087B00EDFD6D /* Debug */ = {
			isa = XCBuildConfiguration;
			buildSettings = {
				ALWAYS_SEARCH_USER_PATHS = NO;
				CLANG_ANALYZER_NONNULL = YES;
				CLANG_ANALYZER_NUMBER_OBJECT_CONVERSION = YES_AGGRESSIVE;
				CLANG_CXX_LANGUAGE_STANDARD = "gnu++14";
				CLANG_CXX_LIBRARY = "libc++";
				CLANG_ENABLE_MODULES = YES;
				CLANG_ENABLE_OBJC_ARC = YES;
				CLANG_ENABLE_OBJC_WEAK = YES;
				CLANG_WARN_BLOCK_CAPTURE_AUTORELEASING = YES;
				CLANG_WARN_BOOL_CONVERSION = YES;
				CLANG_WARN_COMMA = YES;
				CLANG_WARN_CONSTANT_CONVERSION = YES;
				CLANG_WARN_DEPRECATED_OBJC_IMPLEMENTATIONS = YES;
				CLANG_WARN_DIRECT_OBJC_ISA_USAGE = YES_ERROR;
				CLANG_WARN_DOCUMENTATION_COMMENTS = YES;
				CLANG_WARN_EMPTY_BODY = YES;
				CLANG_WARN_ENUM_CONVERSION = YES;
				CLANG_WARN_INFINITE_RECURSION = YES;
				CLANG_WARN_INT_CONVERSION = YES;
				CLANG_WARN_NON_LITERAL_NULL_CONVERSION = YES;
				CLANG_WARN_OBJC_IMPLICIT_RETAIN_SELF = YES;
				CLANG_WARN_OBJC_LITERAL_CONVERSION = YES;
				CLANG_WARN_OBJC_ROOT_CLASS = YES_ERROR;
				CLANG_WARN_RANGE_LOOP_ANALYSIS = YES;
				CLANG_WARN_STRICT_PROTOTYPES = YES;
				CLANG_WARN_SUSPICIOUS_MOVE = YES;
				CLANG_WARN_UNGUARDED_AVAILABILITY = YES_AGGRESSIVE;
				CLANG_WARN_UNREACHABLE_CODE = YES;
				CLANG_WARN__DUPLICATE_METHOD_MATCH = YES;
				CODE_SIGN_IDENTITY = "iPhone Developer";
				COPY_PHASE_STRIP = NO;
				DEBUG_INFORMATION_FORMAT = dwarf;
				ENABLE_STRICT_OBJC_MSGSEND = YES;
				ENABLE_TESTABILITY = YES;
				GCC_C_LANGUAGE_STANDARD = gnu11;
				GCC_DYNAMIC_NO_PIC = NO;
				GCC_NO_COMMON_BLOCKS = YES;
				GCC_OPTIMIZATION_LEVEL = 0;
				GCC_PREPROCESSOR_DEFINITIONS = (
					"DEBUG=1",
					"$(inherited)",
				);
				GCC_WARN_64_TO_32_BIT_CONVERSION = YES;
				GCC_WARN_ABOUT_RETURN_TYPE = YES_ERROR;
				GCC_WARN_UNDECLARED_SELECTOR = YES;
				GCC_WARN_UNINITIALIZED_AUTOS = YES_AGGRESSIVE;
				GCC_WARN_UNUSED_FUNCTION = YES;
				GCC_WARN_UNUSED_VARIABLE = YES;
				IPHONEOS_DEPLOYMENT_TARGET = 12.1;
				MTL_ENABLE_DEBUG_INFO = INCLUDE_SOURCE;
				MTL_FAST_MATH = YES;
				ONLY_ACTIVE_ARCH = YES;
				SDKROOT = iphoneos;
				SWIFT_ACTIVE_COMPILATION_CONDITIONS = DEBUG;
				SWIFT_OPTIMIZATION_LEVEL = "-Onone";
			};
			name = Debug;
		};
		9300936C224D087B00EDFD6D /* Release */ = {
			isa = XCBuildConfiguration;
			buildSettings = {
				ALWAYS_SEARCH_USER_PATHS = NO;
				CLANG_ANALYZER_NONNULL = YES;
				CLANG_ANALYZER_NUMBER_OBJECT_CONVERSION = YES_AGGRESSIVE;
				CLANG_CXX_LANGUAGE_STANDARD = "gnu++14";
				CLANG_CXX_LIBRARY = "libc++";
				CLANG_ENABLE_MODULES = YES;
				CLANG_ENABLE_OBJC_ARC = YES;
				CLANG_ENABLE_OBJC_WEAK = YES;
				CLANG_WARN_BLOCK_CAPTURE_AUTORELEASING = YES;
				CLANG_WARN_BOOL_CONVERSION = YES;
				CLANG_WARN_COMMA = YES;
				CLANG_WARN_CONSTANT_CONVERSION = YES;
				CLANG_WARN_DEPRECATED_OBJC_IMPLEMENTATIONS = YES;
				CLANG_WARN_DIRECT_OBJC_ISA_USAGE = YES_ERROR;
				CLANG_WARN_DOCUMENTATION_COMMENTS = YES;
				CLANG_WARN_EMPTY_BODY = YES;
				CLANG_WARN_ENUM_CONVERSION = YES;
				CLANG_WARN_INFINITE_RECURSION = YES;
				CLANG_WARN_INT_CONVERSION = YES;
				CLANG_WARN_NON_LITERAL_NULL_CONVERSION = YES;
				CLANG_WARN_OBJC_IMPLICIT_RETAIN_SELF = YES;
				CLANG_WARN_OBJC_LITERAL_CONVERSION = YES;
				CLANG_WARN_OBJC_ROOT_CLASS = YES_ERROR;
				CLANG_WARN_RANGE_LOOP_ANALYSIS = YES;
				CLANG_WARN_STRICT_PROTOTYPES = YES;
				CLANG_WARN_SUSPICIOUS_MOVE = YES;
				CLANG_WARN_UNGUARDED_AVAILABILITY = YES_AGGRESSIVE;
				CLANG_WARN_UNREACHABLE_CODE = YES;
				CLANG_WARN__DUPLICATE_METHOD_MATCH = YES;
				CODE_SIGN_IDENTITY = "iPhone Developer";
				COPY_PHASE_STRIP = NO;
				DEBUG_INFORMATION_FORMAT = "dwarf-with-dsym";
				ENABLE_NS_ASSERTIONS = NO;
				ENABLE_STRICT_OBJC_MSGSEND = YES;
				GCC_C_LANGUAGE_STANDARD = gnu11;
				GCC_NO_COMMON_BLOCKS = YES;
				GCC_WARN_64_TO_32_BIT_CONVERSION = YES;
				GCC_WARN_ABOUT_RETURN_TYPE = YES_ERROR;
				GCC_WARN_UNDECLARED_SELECTOR = YES;
				GCC_WARN_UNINITIALIZED_AUTOS = YES_AGGRESSIVE;
				GCC_WARN_UNUSED_FUNCTION = YES;
				GCC_WARN_UNUSED_VARIABLE = YES;
				IPHONEOS_DEPLOYMENT_TARGET = 12.1;
				MTL_ENABLE_DEBUG_INFO = NO;
				MTL_FAST_MATH = YES;
				SDKROOT = iphoneos;
				SWIFT_COMPILATION_MODE = wholemodule;
				SWIFT_OPTIMIZATION_LEVEL = "-O";
				VALIDATE_PRODUCT = YES;
			};
			name = Release;
		};
		9300936E224D087B00EDFD6D /* Debug */ = {
			isa = XCBuildConfiguration;
			buildSettings = {
				ASSETCATALOG_COMPILER_APPICON_NAME = AppIcon;
				CODE_SIGN_STYLE = Automatic;
				DEVELOPMENT_TEAM = 8G43M5CX79;
				INFOPLIST_FILE = RememberMe/Info.plist;
				LD_RUNPATH_SEARCH_PATHS = (
					"$(inherited)",
					"@executable_path/Frameworks",
				);
				PRODUCT_BUNDLE_IDENTIFIER = kr.zombietux.RememberMe;
				PRODUCT_NAME = "$(TARGET_NAME)";
				SWIFT_VERSION = 4.2;
				TARGETED_DEVICE_FAMILY = "1,2";
			};
			name = Debug;
		};
		9300936F224D087B00EDFD6D /* Release */ = {
			isa = XCBuildConfiguration;
			buildSettings = {
				ASSETCATALOG_COMPILER_APPICON_NAME = AppIcon;
				CODE_SIGN_STYLE = Automatic;
				DEVELOPMENT_TEAM = 8G43M5CX79;
				INFOPLIST_FILE = RememberMe/Info.plist;
				LD_RUNPATH_SEARCH_PATHS = (
					"$(inherited)",
					"@executable_path/Frameworks",
				);
				PRODUCT_BUNDLE_IDENTIFIER = kr.zombietux.RememberMe;
				PRODUCT_NAME = "$(TARGET_NAME)";
				SWIFT_VERSION = 4.2;
				TARGETED_DEVICE_FAMILY = "1,2";
			};
			name = Release;
		};
/* End XCBuildConfiguration section */

/* Begin XCConfigurationList section */
		93009356224D087900EDFD6D /* Build configuration list for PBXProject "RememberMe" */ = {
			isa = XCConfigurationList;
			buildConfigurations = (
				9300936B224D087B00EDFD6D /* Debug */,
				9300936C224D087B00EDFD6D /* Release */,
			);
			defaultConfigurationIsVisible = 0;
			defaultConfigurationName = Release;
		};
		9300936D224D087B00EDFD6D /* Build configuration list for PBXNativeTarget "RememberMe" */ = {
			isa = XCConfigurationList;
			buildConfigurations = (
				9300936E224D087B00EDFD6D /* Debug */,
				9300936F224D087B00EDFD6D /* Release */,
			);
			defaultConfigurationIsVisible = 0;
			defaultConfigurationName = Release;
		};
/* End XCConfigurationList section */
	};
	rootObject = 93009353224D087900EDFD6D /* Project object */;
}
